{
  "nodes": {
    "nixpkgs": {
      "locked": {
        "lastModified": 1626852498,
        "narHash": "sha256-lOXUJvi0FJUXHTVSiC5qsMRtEUgqM4mGZpMESLuGhmo=",
        "owner": "NixOS",
        "repo": "nixpkgs",
        "rev": "16105403bdd843540cbef9c63fc0f16c1c6eaa70",
        "type": "github"
      },
      "original": {
        "owner": "NixOS",
        "ref": "nixos-unstable",
        "repo": "nixpkgs",
        "type": "github"
      }
    },
    "root": {
      "inputs": {
        "nixpkgs": "nixpkgs",
        "rust-nix": "rust-nix",
        "utils": "utils"
      }
    },
    "rust-nix": {
      "inputs": {
        "nixpkgs": [
          "nixpkgs"
        ]
      },
      "locked": {
        "lastModified": 1617363019,
        "narHash": "sha256-w9VUHPPndNPGPSumta4cEhhRQBUL1jMxiZmZtwYY8JU=",
        "owner": "input-output-hk",
        "repo": "rust.nix",
        "rev": "2fd5fce3ec67e6915cb79cbf132f023e147b31ba",
        "type": "github"
      },
      "original": {
        "owner": "input-output-hk",
        "ref": "work",
        "repo": "rust.nix",
        "type": "github"
      }
    },
    "utils": {
      "locked": {
        "lastModified": 1626631846,
        "narHash": "sha256-luvvXfLBlL03uABFTuT+eTdTPP7ClegHo7qbE4Lbhzg=",
        "owner": "kreisys",
        "repo": "flake-utils",
        "rev": "f5821d17eaae9e2079a0a3080bebcbcf637baa31",
        "type": "github"
      },
      "original": {
        "owner": "kreisys",
        "repo": "flake-utils",
        "type": "github"
      }
    }
  },
  "root": "root",
  "version": 7
}
