[[package]]
name = "anyio"
version = "3.6.2"
description = "High level compatibility layer for multiple asynchronous event loop implementations"
category = "main"
optional = false
python-versions = ">=3.6.2"

[package.dependencies]
idna = ">=2.8"
sniffio = ">=1.1"

[package.extras]
doc = ["packaging", "sphinx-rtd-theme", "sphinx-autodoc-typehints (>=1.2.0)"]
test = ["coverage[toml] (>=4.5)", "hypothesis (>=4.0)", "pytest (>=7.0)", "pytest-mock (>=3.6.1)", "trustme", "contextlib2", "uvloop (<0.15)", "mock (>=4)", "uvloop (>=0.15)"]
trio = ["trio (>=0.16,<0.22)"]

[[package]]
name = "asgiref"
version = "3.6.0"
description = "ASGI specs, helper code, and adapters"
category = "main"
optional = false
python-versions = ">=3.7"

[package.extras]
tests = ["pytest", "pytest-asyncio", "mypy (>=0.800)"]

[[package]]
name = "asyncio"
version = "3.4.3"
description = "reference implementation of PEP 3156"
category = "main"
optional = false
python-versions = "*"

[[package]]
name = "asyncpg"
version = "0.27.0"
description = "An asyncio PostgreSQL driver"
category = "main"
optional = false
python-versions = ">=3.7.0"

[package.extras]
dev = ["Cython (>=0.29.24,<0.30.0)", "pytest (>=6.0)", "Sphinx (>=4.1.2,<4.2.0)", "sphinxcontrib-asyncio (>=0.3.0,<0.4.0)", "sphinx-rtd-theme (>=0.5.2,<0.6.0)", "flake8 (>=5.0.4,<5.1.0)", "uvloop (>=0.15.3)"]
docs = ["Sphinx (>=4.1.2,<4.2.0)", "sphinxcontrib-asyncio (>=0.3.0,<0.4.0)", "sphinx-rtd-theme (>=0.5.2,<0.6.0)"]
test = ["flake8 (>=5.0.4,<5.1.0)", "uvloop (>=0.15.3)"]

[[package]]
name = "backoff"
version = "2.2.1"
description = "Function decoration for backoff and retry"
category = "main"
optional = false
python-versions = ">=3.7,<4.0"

[[package]]
name = "black"
version = "23.1.0"
description = "The uncompromising code formatter."
category = "main"
optional = false
python-versions = ">=3.7"

[package.dependencies]
click = ">=8.0.0"
mypy-extensions = ">=0.4.3"
packaging = ">=22.0"
pathspec = ">=0.9.0"
platformdirs = ">=2"
tomli = {version = ">=1.1.0", markers = "python_version < \"3.11\""}

[package.extras]
colorama = ["colorama (>=0.4.3)"]
d = ["aiohttp (>=3.7.4)"]
jupyter = ["ipython (>=7.8.0)", "tokenize-rt (>=3.2.0)"]
uvloop = ["uvloop (>=0.15.2)"]

[[package]]
name = "certifi"
version = "2022.12.7"
description = "Python package for providing Mozilla's CA Bundle."
category = "main"
optional = false
python-versions = ">=3.6"

[[package]]
name = "charset-normalizer"
version = "3.1.0"
description = "The Real First Universal Charset Detector. Open, modern and actively maintained alternative to Chardet."
category = "main"
optional = false
python-versions = ">=3.7.0"

[[package]]
name = "click"
version = "8.1.3"
description = "Composable command line interface toolkit"
category = "main"
optional = false
python-versions = ">=3.7"

[package.dependencies]
colorama = {version = "*", markers = "platform_system == \"Windows\""}

[[package]]
name = "colorama"
version = "0.4.6"
description = "Cross-platform colored terminal text."
category = "main"
optional = false
python-versions = "!=3.0.*,!=3.1.*,!=3.2.*,!=3.3.*,!=3.4.*,!=3.5.*,!=3.6.*,>=2.7"

[[package]]
name = "deprecated"
version = "1.2.13"
description = "Python @deprecated decorator to deprecate old python classes, functions or methods."
category = "main"
optional = false
python-versions = ">=2.7, !=3.0.*, !=3.1.*, !=3.2.*, !=3.3.*"

[package.dependencies]
wrapt = ">=1.10,<2"

[package.extras]
dev = ["tox", "bump2version (<1)", "sphinx (<2)", "importlib-metadata (<3)", "importlib-resources (<4)", "configparser (<5)", "sphinxcontrib-websupport (<2)", "zipp (<2)", "PyTest (<5)", "PyTest-Cov (<2.6)", "pytest", "pytest-cov"]

[[package]]
name = "fastapi"
version = "0.93.0"
description = "FastAPI framework, high performance, easy to learn, fast to code, ready for production"
category = "main"
optional = false
python-versions = ">=3.7"

[package.dependencies]
pydantic = ">=1.6.2,<1.7 || >1.7,<1.7.1 || >1.7.1,<1.7.2 || >1.7.2,<1.7.3 || >1.7.3,<1.8 || >1.8,<1.8.1 || >1.8.1,<2.0.0"
starlette = ">=0.25.0,<0.26.0"

[package.extras]
all = ["email-validator (>=1.1.1)", "httpx (>=0.23.0)", "itsdangerous (>=1.1.0)", "jinja2 (>=2.11.2)", "orjson (>=3.2.1)", "python-multipart (>=0.0.5)", "pyyaml (>=5.3.1)", "ujson (>=4.0.1,!=4.0.2,!=4.1.0,!=4.2.0,!=4.3.0,!=5.0.0,!=5.1.0)", "uvicorn[standard] (>=0.12.0)"]
dev = ["pre-commit (>=2.17.0,<3.0.0)", "ruff (==0.0.138)", "uvicorn[standard] (>=0.12.0,<0.21.0)"]
doc = ["mdx-include (>=1.4.1,<2.0.0)", "mkdocs-markdownextradata-plugin (>=0.1.7,<0.3.0)", "mkdocs-material (>=8.1.4,<9.0.0)", "mkdocs (>=1.1.2,<2.0.0)", "pyyaml (>=5.3.1,<7.0.0)", "typer-cli (>=0.0.13,<0.0.14)", "typer[all] (>=0.6.1,<0.8.0)"]
test = ["anyio[trio] (>=3.2.1,<4.0.0)", "black (==22.10.0)", "coverage[toml] (>=6.5.0,<8.0)", "databases[sqlite] (>=0.3.2,<0.7.0)", "email-validator (>=1.1.1,<2.0.0)", "flask (>=1.1.2,<3.0.0)", "httpx (>=0.23.0,<0.24.0)", "isort (>=5.0.6,<6.0.0)", "mypy (==0.982)", "orjson (>=3.2.1,<4.0.0)", "passlib[bcrypt] (>=1.7.2,<2.0.0)", "peewee (>=3.13.3,<4.0.0)", "pytest (>=7.1.3,<8.0.0)", "python-jose[cryptography] (>=3.3.0,<4.0.0)", "python-multipart (>=0.0.5,<0.0.6)", "pyyaml (>=5.3.1,<7.0.0)", "ruff (==0.0.138)", "sqlalchemy (>=1.3.18,<1.4.43)", "types-orjson (==3.6.2)", "types-ujson (==5.6.0.0)", "ujson (>=4.0.1,!=4.0.2,!=4.1.0,!=4.2.0,!=4.3.0,!=5.0.0,!=5.1.0,<6.0.0)"]

[[package]]
name = "googleapis-common-protos"
version = "1.58.0"
description = "Common protobufs used in Google APIs"
category = "main"
optional = false
python-versions = ">=3.7"

[package.dependencies]
protobuf = ">=3.19.5,<3.20.0 || >3.20.0,<3.20.1 || >3.20.1,<4.21.1 || >4.21.1,<4.21.2 || >4.21.2,<4.21.3 || >4.21.3,<4.21.4 || >4.21.4,<4.21.5 || >4.21.5,<5.0.0dev"

[package.extras]
grpc = ["grpcio (>=1.44.0,<2.0.0dev)"]

[[package]]
name = "grpcio"
version = "1.52.0"
description = "HTTP/2-based RPC framework"
category = "main"
optional = false
python-versions = ">=3.7"

[package.extras]
protobuf = ["grpcio-tools (>=1.52.0)"]

[[package]]
name = "h11"
version = "0.14.0"
description = "A pure-Python, bring-your-own-I/O implementation of HTTP/1.1"
category = "main"
optional = false
python-versions = ">=3.7"

[[package]]
name = "httptools"
version = "0.5.0"
description = "A collection of framework independent HTTP protocol utils."
category = "main"
optional = false
python-versions = ">=3.5.0"

[package.extras]
test = ["Cython (>=0.29.24,<0.30.0)"]

[[package]]
name = "idna"
version = "3.4"
description = "Internationalized Domain Names in Applications (IDNA)"
category = "main"
optional = false
python-versions = ">=3.5"

[[package]]
name = "mypy-extensions"
version = "1.0.0"
description = "Type system extensions for programs checked with the mypy type checker."
category = "main"
optional = false
python-versions = ">=3.5"

[[package]]
name = "opentelemetry-api"
version = "1.16.0"
description = "OpenTelemetry Python API"
category = "main"
optional = false
python-versions = ">=3.7"

[package.dependencies]
deprecated = ">=1.2.6"

[[package]]
name = "opentelemetry-distro"
version = "0.37b0"
description = "OpenTelemetry Python Distro"
category = "main"
optional = false
python-versions = ">=3.7"

[package.dependencies]
opentelemetry-api = ">=1.12,<2.0"
opentelemetry-exporter-otlp = {version = "1.16.0", optional = true, markers = "extra == \"otlp\""}
opentelemetry-instrumentation = "0.37b0"
opentelemetry-sdk = ">=1.13,<2.0"

[package.extras]
otlp = ["opentelemetry-exporter-otlp (==1.16.0)"]

[[package]]
name = "opentelemetry-exporter-otlp"
version = "1.16.0"
description = "OpenTelemetry Collector Exporters"
category = "main"
optional = false
python-versions = ">=3.7"

[package.dependencies]
opentelemetry-exporter-otlp-proto-grpc = "1.16.0"
opentelemetry-exporter-otlp-proto-http = "1.16.0"

[[package]]
name = "opentelemetry-exporter-otlp-proto-grpc"
version = "1.16.0"
description = "OpenTelemetry Collector Protobuf over gRPC Exporter"
category = "main"
optional = false
python-versions = ">=3.7"

[package.dependencies]
backoff = {version = ">=1.10.0,<3.0.0", markers = "python_version >= \"3.7\""}
googleapis-common-protos = ">=1.52,<2.0"
grpcio = ">=1.0.0,<2.0.0"
opentelemetry-api = ">=1.15,<2.0"
opentelemetry-proto = "1.16.0"
opentelemetry-sdk = ">=1.16.0,<1.17.0"

[package.extras]
test = ["pytest-grpc"]

[[package]]
name = "opentelemetry-exporter-otlp-proto-http"
version = "1.16.0"
description = "OpenTelemetry Collector Protobuf over HTTP Exporter"
category = "main"
optional = false
python-versions = ">=3.7"

[package.dependencies]
backoff = {version = ">=1.10.0,<3.0.0", markers = "python_version >= \"3.7\""}
googleapis-common-protos = ">=1.52,<2.0"
opentelemetry-api = ">=1.15,<2.0"
opentelemetry-proto = "1.16.0"
opentelemetry-sdk = ">=1.16.0,<1.17.0"
requests = ">=2.7,<3.0"

[package.extras]
test = ["responses (==0.22.0)"]

[[package]]
name = "opentelemetry-instrumentation"
version = "0.37b0"
description = "Instrumentation Tools & Auto Instrumentation for OpenTelemetry Python"
category = "main"
optional = false
python-versions = ">=3.7"

[package.dependencies]
opentelemetry-api = ">=1.4,<2.0"
wrapt = ">=1.0.0,<2.0.0"

[[package]]
name = "opentelemetry-instrumentation-asgi"
version = "0.37b0"
description = "ASGI instrumentation for OpenTelemetry"
category = "main"
optional = false
python-versions = ">=3.7"

[package.dependencies]
asgiref = ">=3.0,<4.0"
opentelemetry-api = ">=1.12,<2.0"
opentelemetry-instrumentation = "0.37b0"
opentelemetry-semantic-conventions = "0.37b0"
opentelemetry-util-http = "0.37b0"

[package.extras]
instruments = ["asgiref (>=3.0,<4.0)"]
test = ["opentelemetry-instrumentation-asgi", "opentelemetry-test-utils (==0.37b0)"]

[[package]]
name = "opentelemetry-instrumentation-asyncpg"
version = "0.37b0"
description = "OpenTelemetry instrumentation for AsyncPG"
category = "main"
optional = false
python-versions = ">=3.7"

[package.dependencies]
opentelemetry-api = ">=1.12,<2.0"
opentelemetry-instrumentation = "0.37b0"
opentelemetry-semantic-conventions = "0.37b0"

[package.extras]
instruments = ["asyncpg (>=0.12.0)"]
test = ["opentelemetry-instrumentation-asyncpg", "opentelemetry-test-utils (==0.37b0)"]

[[package]]
name = "opentelemetry-instrumentation-fastapi"
version = "0.37b0"
description = "OpenTelemetry FastAPI Instrumentation"
category = "main"
optional = false
python-versions = ">=3.7"

[package.dependencies]
opentelemetry-api = ">=1.12,<2.0"
opentelemetry-instrumentation = "0.37b0"
opentelemetry-instrumentation-asgi = "0.37b0"
opentelemetry-semantic-conventions = "0.37b0"
opentelemetry-util-http = "0.37b0"

[package.extras]
instruments = ["fastapi (<=0.90.1)"]
test = ["httpx (>=0.22,<1.0)", "opentelemetry-instrumentation-fastapi", "opentelemetry-test-utils (==0.37b0)", "requests (>=2.23,<3.0)"]

[[package]]
name = "opentelemetry-proto"
version = "1.16.0"
description = "OpenTelemetry Python Proto"
category = "main"
optional = false
python-versions = ">=3.7"

[package.dependencies]
protobuf = ">=3.19,<5.0"

[[package]]
name = "opentelemetry-sdk"
version = "1.16.0"
description = "OpenTelemetry Python SDK"
category = "main"
optional = false
python-versions = ">=3.7"

[package.dependencies]
opentelemetry-api = "1.16.0"
opentelemetry-semantic-conventions = "0.37b0"
typing-extensions = ">=3.7.4"

[[package]]
name = "opentelemetry-semantic-conventions"
version = "0.37b0"
description = "OpenTelemetry Semantic Conventions"
category = "main"
optional = false
python-versions = ">=3.7"

[[package]]
name = "opentelemetry-util-http"
version = "0.37b0"
description = "Web util for OpenTelemetry"
category = "main"
optional = false
python-versions = ">=3.7"

[[package]]
name = "packaging"
version = "23.0"
description = "Core utilities for Python packages"
category = "main"
optional = false
python-versions = ">=3.7"

[[package]]
name = "pathspec"
version = "0.11.0"
description = "Utility library for gitignore style pattern matching of file paths."
category = "main"
optional = false
python-versions = ">=3.7"

[[package]]
name = "platformdirs"
version = "3.1.0"
description = "A small Python package for determining appropriate platform-specific dirs, e.g. a \"user data dir\"."
category = "main"
optional = false
python-versions = ">=3.7"

[package.extras]
docs = ["furo (>=2022.12.7)", "proselint (>=0.13)", "sphinx-autodoc-typehints (>=1.22,!=1.23.4)", "sphinx (>=6.1.3)"]
test = ["appdirs (==1.4.4)", "covdefaults (>=2.2.2)", "pytest-cov (>=4)", "pytest-mock (>=3.10)", "pytest (>=7.2.1)"]

[[package]]
name = "prometheus-client"
version = "0.16.0"
description = "Python client for the Prometheus monitoring system."
category = "main"
optional = false
python-versions = ">=3.6"

[package.extras]
twisted = ["twisted"]

[[package]]
name = "prometheus-fastapi-instrumentator"
version = "5.11.0"
description = "Instrument your FastAPI with Prometheus metrics."
category = "main"
optional = false
python-versions = ">=3.7.0,<4.0.0"

[package.dependencies]
fastapi = ">=0.38.1,<1.0.0"
prometheus-client = ">=0.8.0,<1.0.0"

[[package]]
name = "protobuf"
version = "4.22.1"
description = ""
category = "main"
optional = false
python-versions = ">=3.7"

[[package]]
name = "pydantic"
version = "1.10.5"
description = "Data validation and settings management using python type hints"
category = "main"
optional = false
python-versions = ">=3.7"

[package.dependencies]
typing-extensions = ">=4.2.0"

[package.extras]
dotenv = ["python-dotenv (>=0.10.4)"]
email = ["email-validator (>=1.0.3)"]

[[package]]
name = "python-dotenv"
version = "1.0.0"
description = "Read key-value pairs from a .env file and set them as environment variables"
category = "main"
optional = false
python-versions = ">=3.8"

[package.extras]
cli = ["click (>=5.0)"]

[[package]]
name = "pyyaml"
version = "6.0"
description = "YAML parser and emitter for Python"
category = "main"
optional = false
python-versions = ">=3.6"

[[package]]
name = "requests"
version = "2.28.2"
description = "Python HTTP for Humans."
category = "main"
optional = false
python-versions = ">=3.7, <4"

[package.dependencies]
certifi = ">=2017.4.17"
charset-normalizer = ">=2,<4"
idna = ">=2.5,<4"
urllib3 = ">=1.21.1,<1.27"

[package.extras]
socks = ["PySocks (>=1.5.6,!=1.5.7)"]
use_chardet_on_py3 = ["chardet (>=3.0.2,<6)"]

[[package]]
name = "ruff"
version = "0.0.254"
description = "An extremely fast Python linter, written in Rust."
category = "main"
optional = false
python-versions = ">=3.7"

[[package]]
name = "sniffio"
version = "1.3.0"
description = "Sniff out which async library your code is running under"
category = "main"
optional = false
python-versions = ">=3.7"

[[package]]
name = "starlette"
version = "0.25.0"
description = "The little ASGI library that shines."
category = "main"
optional = false
python-versions = ">=3.7"

[package.dependencies]
anyio = ">=3.4.0,<5"

[package.extras]
full = ["httpx (>=0.22.0)", "itsdangerous", "jinja2", "python-multipart", "pyyaml"]

[[package]]
name = "tomli"
version = "2.0.1"
description = "A lil' TOML parser"
category = "main"
optional = false
python-versions = ">=3.7"

[[package]]
name = "typing-extensions"
version = "4.5.0"
description = "Backported and Experimental Type Hints for Python 3.7+"
category = "main"
optional = false
python-versions = ">=3.7"

[[package]]
name = "urllib3"
version = "1.26.14"
description = "HTTP library with thread-safe connection pooling, file post, and more."
category = "main"
optional = false
python-versions = ">=2.7, !=3.0.*, !=3.1.*, !=3.2.*, !=3.3.*, !=3.4.*, !=3.5.*"

[package.extras]
brotli = ["brotlicffi (>=0.8.0)", "brotli (>=1.0.9)", "brotlipy (>=0.6.0)"]
secure = ["pyOpenSSL (>=0.14)", "cryptography (>=1.3.4)", "idna (>=2.0.0)", "certifi", "urllib3-secure-extra", "ipaddress"]
socks = ["PySocks (>=1.5.6,!=1.5.7,<2.0)"]

[[package]]
name = "uvicorn"
version = "0.20.0"
description = "The lightning-fast ASGI server."
category = "main"
optional = false
python-versions = ">=3.7"

[package.dependencies]
click = ">=7.0"
colorama = {version = ">=0.4", optional = true, markers = "sys_platform == \"win32\" and extra == \"standard\""}
h11 = ">=0.8"
httptools = {version = ">=0.5.0", optional = true, markers = "extra == \"standard\""}
python-dotenv = {version = ">=0.13", optional = true, markers = "extra == \"standard\""}
pyyaml = {version = ">=5.1", optional = true, markers = "extra == \"standard\""}
uvloop = {version = ">=0.14.0,<0.15.0 || >0.15.0,<0.15.1 || >0.15.1", optional = true, markers = "sys_platform != \"win32\" and sys_platform != \"cygwin\" and platform_python_implementation != \"PyPy\" and extra == \"standard\""}
watchfiles = {version = ">=0.13", optional = true, markers = "extra == \"standard\""}
websockets = {version = ">=10.4", optional = true, markers = "extra == \"standard\""}

[package.extras]
standard = ["colorama (>=0.4)", "httptools (>=0.5.0)", "python-dotenv (>=0.13)", "pyyaml (>=5.1)", "uvloop (>=0.14.0,!=0.15.0,!=0.15.1)", "watchfiles (>=0.13)", "websockets (>=10.4)"]

[[package]]
name = "uvloop"
version = "0.17.0"
description = "Fast implementation of asyncio event loop on top of libuv"
category = "main"
optional = false
python-versions = ">=3.7"

[package.extras]
dev = ["Cython (>=0.29.32,<0.30.0)", "pytest (>=3.6.0)", "Sphinx (>=4.1.2,<4.2.0)", "sphinxcontrib-asyncio (>=0.3.0,<0.4.0)", "sphinx-rtd-theme (>=0.5.2,<0.6.0)", "flake8 (>=3.9.2,<3.10.0)", "psutil", "pycodestyle (>=2.7.0,<2.8.0)", "pyOpenSSL (>=22.0.0,<22.1.0)", "mypy (>=0.800)", "aiohttp"]
docs = ["Sphinx (>=4.1.2,<4.2.0)", "sphinxcontrib-asyncio (>=0.3.0,<0.4.0)", "sphinx-rtd-theme (>=0.5.2,<0.6.0)"]
test = ["flake8 (>=3.9.2,<3.10.0)", "psutil", "pycodestyle (>=2.7.0,<2.8.0)", "pyOpenSSL (>=22.0.0,<22.1.0)", "mypy (>=0.800)", "Cython (>=0.29.32,<0.30.0)", "aiohttp"]

[[package]]
name = "watchfiles"
version = "0.18.1"
description = "Simple, modern and high performance file watching and code reload in python."
category = "main"
optional = false
python-versions = ">=3.7"

[package.dependencies]
anyio = ">=3.0.0"

[[package]]
name = "websockets"
version = "10.4"
description = "An implementation of the WebSocket Protocol (RFC 6455 & 7692)"
category = "main"
optional = false
python-versions = ">=3.7"

[[package]]
name = "wrapt"
version = "1.15.0"
description = "Module for decorators, wrappers and monkey patching."
category = "main"
optional = false
python-versions = "!=3.0.*,!=3.1.*,!=3.2.*,!=3.3.*,!=3.4.*,>=2.7"

[metadata]
lock-version = "1.1"
python-versions = "^3.10"
content-hash = "773ea594ba7f7bcae7300672935577b25136053439dbad6875a1bbb494385c8f"

[metadata.files]
anyio = []
asgiref = []
asyncio = []
asyncpg = []
backoff = []
black = []
certifi = []
charset-normalizer = []
click = []
colorama = []
deprecated = []
fastapi = []
googleapis-common-protos = []
grpcio = []
h11 = []
httptools = []
idna = []
mypy-extensions = []
opentelemetry-api = []
opentelemetry-distro = []
opentelemetry-exporter-otlp = []
opentelemetry-exporter-otlp-proto-grpc = []
opentelemetry-exporter-otlp-proto-http = []
opentelemetry-instrumentation = []
opentelemetry-instrumentation-asgi = []
opentelemetry-instrumentation-asyncpg = []
opentelemetry-instrumentation-fastapi = []
opentelemetry-proto = []
opentelemetry-sdk = []
opentelemetry-semantic-conventions = []
opentelemetry-util-http = []
packaging = []
pathspec = []
platformdirs = []
prometheus-client = []
prometheus-fastapi-instrumentator = []
protobuf = []
pydantic = []
python-dotenv = []
pyyaml = []
requests = []
ruff = []
sniffio = []
starlette = []
tomli = []
typing-extensions = []
urllib3 = []
uvicorn = []
uvloop = []
watchfiles = []
websockets = []
wrapt = []
