{
  "nodes": {
    "nixpkgs": {
      "locked": {
        "lastModified": 1639347265,
        "narHash": "sha256-q5feWoC64+h6T6J89o2HJJ8DOnB/4vwMODBlZIgeIlA=",
        "owner": "NixOS",
        "repo": "nixpkgs",
        "rev": "b0bf5f888d377dd2f36d90340df6dc9f035aaada",
        "type": "github"
      },
      "original": {
        "owner": "NixOS",
        "ref": "nixos-unstable",
        "repo": "nixpkgs",
        "type": "github"
      }
    },
    "root": {
      "inputs": {
        "nixpkgs": "nixpkgs",
        "utils": "utils"
      }
    },
    "utils": {
      "locked": {
        "lastModified": 1633020561,
        "narHash": "sha256-4uAiRqL9nP3d/NQ8VBqjQ5iZypHaM+X/FyWpXVXkwTA=",
        "owner": "kreisys",
        "repo": "flake-utils",
        "rev": "2923532a276a5595ee64376ec1b3db6ed8503c52",
        "type": "github"
      },
      "original": {
        "owner": "kreisys",
        "repo": "flake-utils",
        "type": "github"
      }
    }
  },
  "root": "root",
  "version": 7
}
