{
  "nodes": {
    "nixpkgs": {
      "locked": {
        "lastModified": 1607935565,
        "narHash": "sha256-dQUxSdVxxxgND8EXypVxQckZqg3GuNwY1+BIuuXhc+g=",
        "path": "/nix/store/60hag363zai154kvggvikvvpcb7cwmrl-source",
        "rev": "cc786acdcecf95b75e5704e004b5a6d109fc0605",
        "type": "path"
      },
      "original": {
        "id": "nixpkgs",
        "type": "indirect"
      }
    },
    "root": {
      "inputs": {
        "nixpkgs": "nixpkgs",
        "utils": "utils"
      }
    },
    "utils": {
      "locked": {
        "lastModified": 1610051610,
        "narHash": "sha256-U9rPz/usA1/Aohhk7Cmc2gBrEEKRzcW4nwPWMPwja4Y=",
        "owner": "numtide",
        "repo": "flake-utils",
        "rev": "3982c9903e93927c2164caa727cd3f6a0e6d14cc",
        "type": "github"
      },
      "original": {
        "owner": "numtide",
        "repo": "flake-utils",
        "type": "github"
      }
    }
  },
  "root": "root",
  "version": 7
}
